
Microsoft Visual Studio Solution File, Format Version 12.00
# Visual Studio 14
VisualStudioVersion = 14.0.25420.1
MinimumVisualStudioVersion = 10.0.40219.1
Project("{FAE04EC0-301F-11D3-BF4B-00C04F79EFBC}") = "Miniatuurland", "Miniatuurland\Miniatuurland.csproj", "{2B948016-BB24-4200-9F97-3D7CE541C4B0}"
EndProject
Project("{FAE04EC0-301F-11D3-BF4B-00C04F79EFBC}") = "Miniatuurland.Tests", "Miniatuurland.Tests\Miniatuurland.Tests.csproj", "{73D86902-A39B-4A27-ACDA-5E0B96550992}"
EndProject
Global
	GlobalSection(SolutionConfigurationPlatforms) = preSolution
		Debug|Any CPU = Debug|Any CPU
		Release|Any CPU = Release|Any CPU
	EndGlobalSection
	GlobalSection(ProjectConfigurationPlatforms) = postSolution
		{2B948016-BB24-4200-9F97-3D7CE541C4B0}.Debug|Any CPU.ActiveCfg = Debug|Any CPU
		{2B948016-BB24-4200-9F97-3D7CE541C4B0}.Debug|Any CPU.Build.0 = Debug|Any CPU
		{2B948016-BB24-4200-9F97-3D7CE541C4B0}.Release|Any CPU.ActiveCfg = Release|Any CPU
		{2B948016-BB24-4200-9F97-3D7CE541C4B0}.Release|Any CPU.Build.0 = Release|Any CPU
		{73D86902-A39B-4A27-ACDA-5E0B96550992}.Debug|Any CPU.ActiveCfg = Debug|Any CPU
		{73D86902-A39B-4A27-ACDA-5E0B96550992}.Debug|Any CPU.Build.0 = Debug|Any CPU
		{73D86902-A39B-4A27-ACDA-5E0B96550992}.Release|Any CPU.ActiveCfg = Release|Any CPU
		{73D86902-A39B-4A27-ACDA-5E0B96550992}.Release|Any CPU.Build.0 = Release|Any CPU
	EndGlobalSection
	GlobalSection(SolutionProperties) = preSolution
		HideSolutionNode = FALSE
	EndGlobalSection
	GlobalSection(TeamFoundationVersionControl) = preSolution
		SccNumberOfProjects = 3
		SccEnterpriseProvider = {4CA58AB2-18FA-4F8D-95D4-32DDF27D184C}
		SccTeamFoundationServer = http://dotnetserver:8080/tfs/scrum092016
		SccLocalPath0 = .
		SccProjectUniqueName1 = Miniatuurland.Tests\\Miniatuurland.Tests.csproj
		SccProjectName1 = Miniatuurland.Tests
		SccLocalPath1 = Miniatuurland.Tests
		SccProjectUniqueName2 = Miniatuurland\\Miniatuurland.csproj
		SccProjectName2 = Miniatuurland
		SccLocalPath2 = Miniatuurland
	EndGlobalSection
EndGlobal
